
Microsoft Visual Studio Solution File, Format Version 12.00
# Visual Studio Version 17
VisualStudioVersion = 17.5.33627.172
MinimumVisualStudioVersion = 10.0.40219.1
Project("{2150E333-8FDC-42A3-9474-1A3956D46DE8}") = "src", "src", "{0C6674E4-868F-4F8A-91BC-F1B88179D6F7}"
EndProject
Project("{2150E333-8FDC-42A3-9474-1A3956D46DE8}") = "FrontEnd", "FrontEnd", "{3900320D-34C2-449D-BD93-058908F6BD7D}"
EndProject
Project("{2150E333-8FDC-42A3-9474-1A3956D46DE8}") = "App", "App", "{062A2067-E65D-4BC0-A58A-63BE6E0FEB4C}"
EndProject
Project("{2150E333-8FDC-42A3-9474-1A3956D46DE8}") = "Libraries", "Libraries", "{0FA80F32-84E0-422A-AF87-5FA96F01E148}"
EndProject
Project("{2150E333-8FDC-42A3-9474-1A3956D46DE8}") = "Domain", "Domain", "{07A92B78-6008-4C9E-871A-86221EB14460}"
EndProject
Project("{2150E333-8FDC-42A3-9474-1A3956D46DE8}") = "Infrastructure", "Infrastructure", "{E99CE294-7970-4B3F-A06D-718C09EDF04A}"
EndProject
Project("{FAE04EC0-301F-11D3-BF4B-00C04F79EFBC}") = "RoleBased.Model", "RoleBased.Model\RoleBased.Model.csproj", "{90C42EC9-ACEB-4370-85CF-ACAE0CAF6EA7}"
EndProject
Project("{FAE04EC0-301F-11D3-BF4B-00C04F79EFBC}") = "RoleBased.BackEnd", "RoleBased.BackEnd\RoleBased.BackEnd.csproj", "{908CC0E7-E06E-4CDF-ACB8-4EFF4F1A44ED}"
EndProject
Project("{FAE04EC0-301F-11D3-BF4B-00C04F79EFBC}") = "RoleBased.Repository", "RoleBased.Repository\RoleBased.Repository.csproj", "{CF597273-4B98-4E29-A71B-2B8658BCA199}"
EndProject
Project("{FAE04EC0-301F-11D3-BF4B-00C04F79EFBC}") = "RoleBased.Shared", "RoleBased.Shared\RoleBased.Shared.csproj", "{827FA18C-EDB8-4740-B393-436DE36FACF1}"
EndProject
Project("{FAE04EC0-301F-11D3-BF4B-00C04F79EFBC}") = "RoleBased.Core", "RoleBased.Core\RoleBased.Core.csproj", "{75ABC63C-AFF4-486F-AA31-5787161638ED}"
EndProject
Project("{FAE04EC0-301F-11D3-BF4B-00C04F79EFBC}") = "RoleBased.Infrastructure", "RoleBased.Infrastructure\RoleBased.Infrastructure.csproj", "{3839EB00-4155-4305-AE39-051E24E440B7}"
EndProject
Project("{FAE04EC0-301F-11D3-BF4B-00C04F79EFBC}") = "RoleBased.IoC.Configuration", "RoleBased.IoC.Configuration\RoleBased.IoC.Configuration.csproj", "{9043FAA5-B03C-44D8-A827-039AB5D95741}"
EndProject
Project("{FAE04EC0-301F-11D3-BF4B-00C04F79EFBC}") = "RoleBased.Service.Model", "RoleBased.Service.Model\RoleBased.Service.Model.csproj", "{CF75C221-5726-4715-B2E9-CC9D97AC194E}"
EndProject
Global
	GlobalSection(SolutionConfigurationPlatforms) = preSolution
		Debug|Any CPU = Debug|Any CPU
		Release|Any CPU = Release|Any CPU
	EndGlobalSection
	GlobalSection(ProjectConfigurationPlatforms) = postSolution
		{90C42EC9-ACEB-4370-85CF-ACAE0CAF6EA7}.Debug|Any CPU.ActiveCfg = Debug|Any CPU
		{90C42EC9-ACEB-4370-85CF-ACAE0CAF6EA7}.Debug|Any CPU.Build.0 = Debug|Any CPU
		{90C42EC9-ACEB-4370-85CF-ACAE0CAF6EA7}.Release|Any CPU.ActiveCfg = Release|Any CPU
		{90C42EC9-ACEB-4370-85CF-ACAE0CAF6EA7}.Release|Any CPU.Build.0 = Release|Any CPU
		{908CC0E7-E06E-4CDF-ACB8-4EFF4F1A44ED}.Debug|Any CPU.ActiveCfg = Debug|Any CPU
		{908CC0E7-E06E-4CDF-ACB8-4EFF4F1A44ED}.Debug|Any CPU.Build.0 = Debug|Any CPU
		{908CC0E7-E06E-4CDF-ACB8-4EFF4F1A44ED}.Release|Any CPU.ActiveCfg = Release|Any CPU
		{908CC0E7-E06E-4CDF-ACB8-4EFF4F1A44ED}.Release|Any CPU.Build.0 = Release|Any CPU
		{CF597273-4B98-4E29-A71B-2B8658BCA199}.Debug|Any CPU.ActiveCfg = Debug|Any CPU
		{CF597273-4B98-4E29-A71B-2B8658BCA199}.Debug|Any CPU.Build.0 = Debug|Any CPU
		{CF597273-4B98-4E29-A71B-2B8658BCA199}.Release|Any CPU.ActiveCfg = Release|Any CPU
		{CF597273-4B98-4E29-A71B-2B8658BCA199}.Release|Any CPU.Build.0 = Release|Any CPU
		{827FA18C-EDB8-4740-B393-436DE36FACF1}.Debug|Any CPU.ActiveCfg = Debug|Any CPU
		{827FA18C-EDB8-4740-B393-436DE36FACF1}.Debug|Any CPU.Build.0 = Debug|Any CPU
		{827FA18C-EDB8-4740-B393-436DE36FACF1}.Release|Any CPU.ActiveCfg = Release|Any CPU
		{827FA18C-EDB8-4740-B393-436DE36FACF1}.Release|Any CPU.Build.0 = Release|Any CPU
		{75ABC63C-AFF4-486F-AA31-5787161638ED}.Debug|Any CPU.ActiveCfg = Debug|Any CPU
		{75ABC63C-AFF4-486F-AA31-5787161638ED}.Debug|Any CPU.Build.0 = Debug|Any CPU
		{75ABC63C-AFF4-486F-AA31-5787161638ED}.Release|Any CPU.ActiveCfg = Release|Any CPU
		{75ABC63C-AFF4-486F-AA31-5787161638ED}.Release|Any CPU.Build.0 = Release|Any CPU
		{3839EB00-4155-4305-AE39-051E24E440B7}.Debug|Any CPU.ActiveCfg = Debug|Any CPU
		{3839EB00-4155-4305-AE39-051E24E440B7}.Debug|Any CPU.Build.0 = Debug|Any CPU
		{3839EB00-4155-4305-AE39-051E24E440B7}.Release|Any CPU.ActiveCfg = Release|Any CPU
		{3839EB00-4155-4305-AE39-051E24E440B7}.Release|Any CPU.Build.0 = Release|Any CPU
		{9043FAA5-B03C-44D8-A827-039AB5D95741}.Debug|Any CPU.ActiveCfg = Debug|Any CPU
		{9043FAA5-B03C-44D8-A827-039AB5D95741}.Debug|Any CPU.Build.0 = Debug|Any CPU
		{9043FAA5-B03C-44D8-A827-039AB5D95741}.Release|Any CPU.ActiveCfg = Release|Any CPU
		{9043FAA5-B03C-44D8-A827-039AB5D95741}.Release|Any CPU.Build.0 = Release|Any CPU
		{CF75C221-5726-4715-B2E9-CC9D97AC194E}.Debug|Any CPU.ActiveCfg = Debug|Any CPU
		{CF75C221-5726-4715-B2E9-CC9D97AC194E}.Debug|Any CPU.Build.0 = Debug|Any CPU
		{CF75C221-5726-4715-B2E9-CC9D97AC194E}.Release|Any CPU.ActiveCfg = Release|Any CPU
		{CF75C221-5726-4715-B2E9-CC9D97AC194E}.Release|Any CPU.Build.0 = Release|Any CPU
	EndGlobalSection
	GlobalSection(SolutionProperties) = preSolution
		HideSolutionNode = FALSE
	EndGlobalSection
	GlobalSection(NestedProjects) = preSolution
		{062A2067-E65D-4BC0-A58A-63BE6E0FEB4C} = {0C6674E4-868F-4F8A-91BC-F1B88179D6F7}
		{0FA80F32-84E0-422A-AF87-5FA96F01E148} = {0C6674E4-868F-4F8A-91BC-F1B88179D6F7}
		{07A92B78-6008-4C9E-871A-86221EB14460} = {0FA80F32-84E0-422A-AF87-5FA96F01E148}
		{E99CE294-7970-4B3F-A06D-718C09EDF04A} = {0FA80F32-84E0-422A-AF87-5FA96F01E148}
		{90C42EC9-ACEB-4370-85CF-ACAE0CAF6EA7} = {07A92B78-6008-4C9E-871A-86221EB14460}
		{908CC0E7-E06E-4CDF-ACB8-4EFF4F1A44ED} = {062A2067-E65D-4BC0-A58A-63BE6E0FEB4C}
		{CF597273-4B98-4E29-A71B-2B8658BCA199} = {07A92B78-6008-4C9E-871A-86221EB14460}
		{827FA18C-EDB8-4740-B393-436DE36FACF1} = {07A92B78-6008-4C9E-871A-86221EB14460}
		{75ABC63C-AFF4-486F-AA31-5787161638ED} = {E99CE294-7970-4B3F-A06D-718C09EDF04A}
		{3839EB00-4155-4305-AE39-051E24E440B7} = {E99CE294-7970-4B3F-A06D-718C09EDF04A}
		{9043FAA5-B03C-44D8-A827-039AB5D95741} = {E99CE294-7970-4B3F-A06D-718C09EDF04A}
		{CF75C221-5726-4715-B2E9-CC9D97AC194E} = {E99CE294-7970-4B3F-A06D-718C09EDF04A}
	EndGlobalSection
	GlobalSection(ExtensibilityGlobals) = postSolution
		SolutionGuid = {6860AAD7-A9F4-4BE5-B4D6-A89CCE53927D}
	EndGlobalSection
EndGlobal
